
Microsoft Visual Studio Solution File, Format Version 12.00
# Visual Studio 15
VisualStudioVersion = 15.0.28307.960
MinimumVisualStudioVersion = 10.0.40219.1
Project("{FAE04EC0-301F-11D3-BF4B-00C04F79EFBC}") = "WindowsFormsApp1", "WindowsFormsApp1.csproj", "{96720707-AF44-41AC-98B2-8AD83AFADC47}"
EndProject
Global
	GlobalSection(SolutionConfigurationPlatforms) = preSolution
		Debug|Any CPU = Debug|Any CPU
		Release|Any CPU = Release|Any CPU
	EndGlobalSection
	GlobalSection(ProjectConfigurationPlatforms) = postSolution
		{96720707-AF44-41AC-98B2-8AD83AFADC47}.Debug|Any CPU.ActiveCfg = Debug|Any CPU
		{96720707-AF44-41AC-98B2-8AD83AFADC47}.Debug|Any CPU.Build.0 = Debug|Any CPU
		{96720707-AF44-41AC-98B2-8AD83AFADC47}.Release|Any CPU.ActiveCfg = Release|Any CPU
		{96720707-AF44-41AC-98B2-8AD83AFADC47}.Release|Any CPU.Build.0 = Release|Any CPU
	EndGlobalSection
	GlobalSection(SolutionProperties) = preSolution
		HideSolutionNode = FALSE
	EndGlobalSection
	GlobalSection(ExtensibilityGlobals) = postSolution
		SolutionGuid = {B0974D32-8C35-4DDA-AD3A-50B530F736B8}
	EndGlobalSection
EndGlobal
